
Microsoft Visual Studio Solution File, Format Version 12.00
# Visual Studio Version 17
VisualStudioVersion = 17.9.34714.143
MinimumVisualStudioVersion = 10.0.40219.1
Project("{8BC9CEB8-8B4A-11D0-8D11-00A0C91BC942}") = "abomination", "abomination\abomination.vcxproj", "{04285774-22AA-4A5B-83D2-4232DCBD499E}"
EndProject
Global
	GlobalSection(SolutionConfigurationPlatforms) = preSolution
		Debug|x64 = Debug|x64
		Debug|x86 = Debug|x86
		Release|x64 = Release|x64
		Release|x86 = Release|x86
	EndGlobalSection
	GlobalSection(ProjectConfigurationPlatforms) = postSolution
		{04285774-22AA-4A5B-83D2-4232DCBD499E}.Debug|x64.ActiveCfg = Debug|x64
		{04285774-22AA-4A5B-83D2-4232DCBD499E}.Debug|x64.Build.0 = Debug|x64
		{04285774-22AA-4A5B-83D2-4232DCBD499E}.Debug|x86.ActiveCfg = Debug|Win32
		{04285774-22AA-4A5B-83D2-4232DCBD499E}.Debug|x86.Build.0 = Debug|Win32
		{04285774-22AA-4A5B-83D2-4232DCBD499E}.Release|x64.ActiveCfg = Release|x64
		{04285774-22AA-4A5B-83D2-4232DCBD499E}.Release|x64.Build.0 = Release|x64
		{04285774-22AA-4A5B-83D2-4232DCBD499E}.Release|x86.ActiveCfg = Release|Win32
		{04285774-22AA-4A5B-83D2-4232DCBD499E}.Release|x86.Build.0 = Release|Win32
	EndGlobalSection
	GlobalSection(SolutionProperties) = preSolution
		HideSolutionNode = FALSE
	EndGlobalSection
	GlobalSection(ExtensibilityGlobals) = postSolution
		SolutionGuid = {E303E5EB-9B39-42A4-8463-C131172229A4}
	EndGlobalSection
EndGlobal
